// !$*UTF8*$!
{
	archiveVersion = 1;
	classes = {
	};
	objectVersion = 56;
	objects = {

/* Begin PBXBuildFile section */
		2517047B2C10723900FC39D7 /* AppDelegate.swift in Sources */ = {isa = PBXBuildFile; fileRef = 2517047A2C10723900FC39D7 /* AppDelegate.swift */; };
		2517047D2C10723900FC39D7 /* SceneDelegate.swift in Sources */ = {isa = PBXBuildFile; fileRef = 2517047C2C10723900FC39D7 /* SceneDelegate.swift */; };
		2517047F2C10723900FC39D7 /* ViewController.swift in Sources */ = {isa = PBXBuildFile; fileRef = 2517047E2C10723900FC39D7 /* ViewController.swift */; };
		251704822C10723900FC39D7 /* Main.storyboard in Resources */ = {isa = PBXBuildFile; fileRef = 251704802C10723900FC39D7 /* Main.storyboard */; };
		251704852C10723900FC39D7 /* ExtractTextFromImageInSwft.xcdatamodeld in Sources */ = {isa = PBXBuildFile; fileRef = 251704832C10723900FC39D7 /* ExtractTextFromImageInSwft.xcdatamodeld */; };
		251704872C10723A00FC39D7 /* Assets.xcassets in Resources */ = {isa = PBXBuildFile; fileRef = 251704862C10723A00FC39D7 /* Assets.xcassets */; };
		2517048A2C10723A00FC39D7 /* LaunchScreen.storyboard in Resources */ = {isa = PBXBuildFile; fileRef = 251704882C10723A00FC39D7 /* LaunchScreen.storyboard */; };
		251704952C10723A00FC39D7 /* ExtractTextFromImageInSwftTests.swift in Sources */ = {isa = PBXBuildFile; fileRef = 251704942C10723A00FC39D7 /* ExtractTextFromImageInSwftTests.swift */; };
		2517049F2C10723A00FC39D7 /* ExtractTextFromImageInSwftUITests.swift in Sources */ = {isa = PBXBuildFile; fileRef = 2517049E2C10723A00FC39D7 /* ExtractTextFromImageInSwftUITests.swift */; };
		251704A12C10723A00FC39D7 /* ExtractTextFromImageInSwftUITestsLaunchTests.swift in Sources */ = {isa = PBXBuildFile; fileRef = 251704A02C10723A00FC39D7 /* ExtractTextFromImageInSwftUITestsLaunchTests.swift */; };
/* End PBXBuildFile section */

/* Begin PBXContainerItemProxy section */
		251704912C10723A00FC39D7 /* PBXContainerItemProxy */ = {
			isa = PBXContainerItemProxy;
			containerPortal = 2517046F2C10723900FC39D7 /* Project object */;
			proxyType = 1;
			remoteGlobalIDString = 251704762C10723900FC39D7;
			remoteInfo = ExtractTextFromImageInSwft;
		};
		2517049B2C10723A00FC39D7 /* PBXContainerItemProxy */ = {
			isa = PBXContainerItemProxy;
			containerPortal = 2517046F2C10723900FC39D7 /* Project object */;
			proxyType = 1;
			remoteGlobalIDString = 251704762C10723900FC39D7;
			remoteInfo = ExtractTextFromImageInSwft;
		};
/* End PBXContainerItemProxy section */

/* Begin PBXFileReference section */
		251704772C10723900FC39D7 /* ExtractTextFromImageInSwft.app */ = {isa = PBXFileReference; explicitFileType = wrapper.application; includeInIndex = 0; path = ExtractTextFromImageInSwft.app; sourceTree = BUILT_PRODUCTS_DIR; };
		2517047A2C10723900FC39D7 /* AppDelegate.swift */ = {isa = PBXFileReference; lastKnownFileType = sourcecode.swift; path = AppDelegate.swift; sourceTree = "<group>"; };
		2517047C2C10723900FC39D7 /* SceneDelegate.swift */ = {isa = PBXFileReference; lastKnownFileType = sourcecode.swift; path = SceneDelegate.swift; sourceTree = "<group>"; };
		2517047E2C10723900FC39D7 /* ViewController.swift */ = {isa = PBXFileReference; lastKnownFileType = sourcecode.swift; path = ViewController.swift; sourceTree = "<group>"; };
		251704812C10723900FC39D7 /* Base */ = {isa = PBXFileReference; lastKnownFileType = file.storyboard; name = Base; path = Base.lproj/Main.storyboard; sourceTree = "<group>"; };
		251704842C10723900FC39D7 /* ExtractTextFromImageInSwft.xcdatamodel */ = {isa = PBXFileReference; lastKnownFileType = wrapper.xcdatamodel; path = ExtractTextFromImageInSwft.xcdatamodel; sourceTree = "<group>"; };
		251704862C10723A00FC39D7 /* Assets.xcassets */ = {isa = PBXFileReference; lastKnownFileType = folder.assetcatalog; path = Assets.xcassets; sourceTree = "<group>"; };
		251704892C10723A00FC39D7 /* Base */ = {isa = PBXFileReference; lastKnownFileType = file.storyboard; name = Base; path = Base.lproj/LaunchScreen.storyboard; sourceTree = "<group>"; };
		2517048B2C10723A00FC39D7 /* Info.plist */ = {isa = PBXFileReference; lastKnownFileType = text.plist.xml; path = Info.plist; sourceTree = "<group>"; };
		251704902C10723A00FC39D7 /* ExtractTextFromImageInSwftTests.xctest */ = {isa = PBXFileReference; explicitFileType = wrapper.cfbundle; includeInIndex = 0; path = ExtractTextFromImageInSwftTests.xctest; sourceTree = BUILT_PRODUCTS_DIR; };
		251704942C10723A00FC39D7 /* ExtractTextFromImageInSwftTests.swift */ = {isa = PBXFileReference; lastKnownFileType = sourcecode.swift; path = ExtractTextFromImageInSwftTests.swift; sourceTree = "<group>"; };
		2517049A2C10723A00FC39D7 /* ExtractTextFromImageInSwftUITests.xctest */ = {isa = PBXFileReference; explicitFileType = wrapper.cfbundle; includeInIndex = 0; path = ExtractTextFromImageInSwftUITests.xctest; sourceTree = BUILT_PRODUCTS_DIR; };
		2517049E2C10723A00FC39D7 /* ExtractTextFromImageInSwftUITests.swift */ = {isa = PBXFileReference; lastKnownFileType = sourcecode.swift; path = ExtractTextFromImageInSwftUITests.swift; sourceTree = "<group>"; };
		251704A02C10723A00FC39D7 /* ExtractTextFromImageInSwftUITestsLaunchTests.swift */ = {isa = PBXFileReference; lastKnownFileType = sourcecode.swift; path = ExtractTextFromImageInSwftUITestsLaunchTests.swift; sourceTree = "<group>"; };
/* End PBXFileReference section */

/* Begin PBXFrameworksBuildPhase section */
		251704742C10723900FC39D7 /* Frameworks */ = {
			isa = PBXFrameworksBuildPhase;
			buildActionMask = 2147483647;
			files = (
			);
			runOnlyForDeploymentPostprocessing = 0;
		};
		2517048D2C10723A00FC39D7 /* Frameworks */ = {
			isa = PBXFrameworksBuildPhase;
			buildActionMask = 2147483647;
			files = (
			);
			runOnlyForDeploymentPostprocessing = 0;
		};
		251704972C10723A00FC39D7 /* Frameworks */ = {
			isa = PBXFrameworksBuildPhase;
			buildActionMask = 2147483647;
			files = (
			);
			runOnlyForDeploymentPostprocessing = 0;
		};
/* End PBXFrameworksBuildPhase section */

/* Begin PBXGroup section */
		2517046E2C10723900FC39D7 = {
			isa = PBXGroup;
			children = (
				251704792C10723900FC39D7 /* ExtractTextFromImageInSwft */,
				251704932C10723A00FC39D7 /* ExtractTextFromImageInSwftTests */,
				2517049D2C10723A00FC39D7 /* ExtractTextFromImageInSwftUITests */,
				251704782C10723900FC39D7 /* Products */,
			);
			sourceTree = "<group>";
		};
		251704782C10723900FC39D7 /* Products */ = {
			isa = PBXGroup;
			children = (
				251704772C10723900FC39D7 /* ExtractTextFromImageInSwft.app */,
				251704902C10723A00FC39D7 /* ExtractTextFromImageInSwftTests.xctest */,
				2517049A2C10723A00FC39D7 /* ExtractTextFromImageInSwftUITests.xctest */,
			);
			name = Products;
			sourceTree = "<group>";
		};
		251704792C10723900FC39D7 /* ExtractTextFromImageInSwft */ = {
			isa = PBXGroup;
			children = (
				2517047A2C10723900FC39D7 /* AppDelegate.swift */,
				2517047C2C10723900FC39D7 /* SceneDelegate.swift */,
				2517047E2C10723900FC39D7 /* ViewController.swift */,
				251704802C10723900FC39D7 /* Main.storyboard */,
				251704862C10723A00FC39D7 /* Assets.xcassets */,
				251704882C10723A00FC39D7 /* LaunchScreen.storyboard */,
				2517048B2C10723A00FC39D7 /* Info.plist */,
				251704832C10723900FC39D7 /* ExtractTextFromImageInSwft.xcdatamodeld */,
			);
			path = ExtractTextFromImageInSwft;
			sourceTree = "<group>";
		};
		251704932C10723A00FC39D7 /* ExtractTextFromImageInSwftTests */ = {
			isa = PBXGroup;
			children = (
				251704942C10723A00FC39D7 /* ExtractTextFromImageInSwftTests.swift */,
			);
			path = ExtractTextFromImageInSwftTests;
			sourceTree = "<group>";
		};
		2517049D2C10723A00FC39D7 /* ExtractTextFromImageInSwftUITests */ = {
			isa = PBXGroup;
			children = (
				2517049E2C10723A00FC39D7 /* ExtractTextFromImageInSwftUITests.swift */,
				251704A02C10723A00FC39D7 /* ExtractTextFromImageInSwftUITestsLaunchTests.swift */,
			);
			path = ExtractTextFromImageInSwftUITests;
			sourceTree = "<group>";
		};
/* End PBXGroup section */

/* Begin PBXNativeTarget section */
		251704762C10723900FC39D7 /* ExtractTextFromImageInSwft */ = {
			isa = PBXNativeTarget;
			buildConfigurationList = 251704A42C10723A00FC39D7 /* Build configuration list for PBXNativeTarget "ExtractTextFromImageInSwft" */;
			buildPhases = (
				251704732C10723900FC39D7 /* Sources */,
				251704742C10723900FC39D7 /* Frameworks */,
				251704752C10723900FC39D7 /* Resources */,
			);
			buildRules = (
			);
			dependencies = (
			);
			name = ExtractTextFromImageInSwft;
			productName = ExtractTextFromImageInSwft;
			productReference = 251704772C10723900FC39D7 /* ExtractTextFromImageInSwft.app */;
			productType = "com.apple.product-type.application";
		};
		2517048F2C10723A00FC39D7 /* ExtractTextFromImageInSwftTests */ = {
			isa = PBXNativeTarget;
			buildConfigurationList = 251704A72C10723A00FC39D7 /* Build configuration list for PBXNativeTarget "ExtractTextFromImageInSwftTests" */;
			buildPhases = (
				2517048C2C10723A00FC39D7 /* Sources */,
				2517048D2C10723A00FC39D7 /* Frameworks */,
				2517048E2C10723A00FC39D7 /* Resources */,
			);
			buildRules = (
			);
			dependencies = (
				251704922C10723A00FC39D7 /* PBXTargetDependency */,
			);
			name = ExtractTextFromImageInSwftTests;
			productName = ExtractTextFromImageInSwftTests;
			productReference = 251704902C10723A00FC39D7 /* ExtractTextFromImageInSwftTests.xctest */;
			productType = "com.apple.product-type.bundle.unit-test";
		};
		251704992C10723A00FC39D7 /* ExtractTextFromImageInSwftUITests */ = {
			isa = PBXNativeTarget;
			buildConfigurationList = 251704AA2C10723A00FC39D7 /* Build configuration list for PBXNativeTarget "ExtractTextFromImageInSwftUITests" */;
			buildPhases = (
				251704962C10723A00FC39D7 /* Sources */,
				251704972C10723A00FC39D7 /* Frameworks */,
				251704982C10723A00FC39D7 /* Resources */,
			);
			buildRules = (
			);
			dependencies = (
				2517049C2C10723A00FC39D7 /* PBXTargetDependency */,
			);
			name = ExtractTextFromImageInSwftUITests;
			productName = ExtractTextFromImageInSwftUITests;
			productReference = 2517049A2C10723A00FC39D7 /* ExtractTextFromImageInSwftUITests.xctest */;
			productType = "com.apple.product-type.bundle.ui-testing";
		};
/* End PBXNativeTarget section */

/* Begin PBXProject section */
		2517046F2C10723900FC39D7 /* Project object */ = {
			isa = PBXProject;
			attributes = {
				BuildIndependentTargetsInParallel = 1;
				LastSwiftUpdateCheck = 1500;
				LastUpgradeCheck = 1500;
				TargetAttributes = {
					251704762C10723900FC39D7 = {
						CreatedOnToolsVersion = 15.0.1;
					};
					2517048F2C10723A00FC39D7 = {
						CreatedOnToolsVersion = 15.0.1;
						TestTargetID = 251704762C10723900FC39D7;
					};
					251704992C10723A00FC39D7 = {
						CreatedOnToolsVersion = 15.0.1;
						TestTargetID = 251704762C10723900FC39D7;
					};
				};
			};
			buildConfigurationList = 251704722C10723900FC39D7 /* Build configuration list for PBXProject "ExtractTextFromImageInSwft" */;
			compatibilityVersion = "Xcode 14.0";
			developmentRegion = en;
			hasScannedForEncodings = 0;
			knownRegions = (
				en,
				Base,
			);
			mainGroup = 2517046E2C10723900FC39D7;
			productRefGroup = 251704782C10723900FC39D7 /* Products */;
			projectDirPath = "";
			projectRoot = "";
			targets = (
				251704762C10723900FC39D7 /* ExtractTextFromImageInSwft */,
				2517048F2C10723A00FC39D7 /* ExtractTextFromImageInSwftTests */,
				251704992C10723A00FC39D7 /* ExtractTextFromImageInSwftUITests */,
			);
		};
/* End PBXProject section */

/* Begin PBXResourcesBuildPhase section */
		251704752C10723900FC39D7 /* Resources */ = {
			isa = PBXResourcesBuildPhase;
			buildActionMask = 2147483647;
			files = (
				2517048A2C10723A00FC39D7 /* LaunchScreen.storyboard in Resources */,
				251704872C10723A00FC39D7 /* Assets.xcassets in Resources */,
				251704822C10723900FC39D7 /* Main.storyboard in Resources */,
			);
			runOnlyForDeploymentPostprocessing = 0;
		};
		2517048E2C10723A00FC39D7 /* Resources */ = {
			isa = PBXResourcesBuildPhase;
			buildActionMask = 2147483647;
			files = (
			);
			runOnlyForDeploymentPostprocessing = 0;
		};
		251704982C10723A00FC39D7 /* Resources */ = {
			isa = PBXResourcesBuildPhase;
			buildActionMask = 2147483647;
			files = (
			);
			runOnlyForDeploymentPostprocessing = 0;
		};
/* End PBXResourcesBuildPhase section */

/* Begin PBXSourcesBuildPhase section */
		251704732C10723900FC39D7 /* Sources */ = {
			isa = PBXSourcesBuildPhase;
			buildActionMask = 2147483647;
			files = (
				2517047F2C10723900FC39D7 /* ViewController.swift in Sources */,
				251704852C10723900FC39D7 /* ExtractTextFromImageInSwft.xcdatamodeld in Sources */,
				2517047B2C10723900FC39D7 /* AppDelegate.swift in Sources */,
				2517047D2C10723900FC39D7 /* SceneDelegate.swift in Sources */,
			);
			runOnlyForDeploymentPostprocessing = 0;
		};
		2517048C2C10723A00FC39D7 /* Sources */ = {
			isa = PBXSourcesBuildPhase;
			buildActionMask = 2147483647;
			files = (
				251704952C10723A00FC39D7 /* ExtractTextFromImageInSwftTests.swift in Sources */,
			);
			runOnlyForDeploymentPostprocessing = 0;
		};
		251704962C10723A00FC39D7 /* Sources */ = {
			isa = PBXSourcesBuildPhase;
			buildActionMask = 2147483647;
			files = (
				251704A12C10723A00FC39D7 /* ExtractTextFromImageInSwftUITestsLaunchTests.swift in Sources */,
				2517049F2C10723A00FC39D7 /* ExtractTextFromImageInSwftUITests.swift in Sources */,
			);
			runOnlyForDeploymentPostprocessing = 0;
		};
/* End PBXSourcesBuildPhase section */

/* Begin PBXTargetDependency section */
		251704922C10723A00FC39D7 /* PBXTargetDependency */ = {
			isa = PBXTargetDependency;
			target = 251704762C10723900FC39D7 /* ExtractTextFromImageInSwft */;
			targetProxy = 251704912C10723A00FC39D7 /* PBXContainerItemProxy */;
		};
		2517049C2C10723A00FC39D7 /* PBXTargetDependency */ = {
			isa = PBXTargetDependency;
			target = 251704762C10723900FC39D7 /* ExtractTextFromImageInSwft */;
			targetProxy = 2517049B2C10723A00FC39D7 /* PBXContainerItemProxy */;
		};
/* End PBXTargetDependency section */

/* Begin PBXVariantGroup section */
		251704802C10723900FC39D7 /* Main.storyboard */ = {
			isa = PBXVariantGroup;
			children = (
				251704812C10723900FC39D7 /* Base */,
			);
			name = Main.storyboard;
			sourceTree = "<group>";
		};
		251704882C10723A00FC39D7 /* LaunchScreen.storyboard */ = {
			isa = PBXVariantGroup;
			children = (
				251704892C10723A00FC39D7 /* Base */,
			);
			name = LaunchScreen.storyboard;
			sourceTree = "<group>";
		};
/* End PBXVariantGroup section */

/* Begin XCBuildConfiguration section */
		251704A22C10723A00FC39D7 /* Debug */ = {
			isa = XCBuildConfiguration;
			buildSettings = {
				ALWAYS_SEARCH_USER_PATHS = NO;
				ASSETCATALOG_COMPILER_GENERATE_SWIFT_ASSET_SYMBOL_EXTENSIONS = YES;
				CLANG_ANALYZER_NONNULL = YES;
				CLANG_ANALYZER_NUMBER_OBJECT_CONVERSION = YES_AGGRESSIVE;
				CLANG_CXX_LANGUAGE_STANDARD = "gnu++20";
				CLANG_ENABLE_MODULES = YES;
				CLANG_ENABLE_OBJC_ARC = YES;
				CLANG_ENABLE_OBJC_WEAK = YES;
				CLANG_WARN_BLOCK_CAPTURE_AUTORELEASING = YES;
				CLANG_WARN_BOOL_CONVERSION = YES;
				CLANG_WARN_COMMA = YES;
				CLANG_WARN_CONSTANT_CONVERSION = YES;
				CLANG_WARN_DEPRECATED_OBJC_IMPLEMENTATIONS = YES;
				CLANG_WARN_DIRECT_OBJC_ISA_USAGE = YES_ERROR;
				CLANG_WARN_DOCUMENTATION_COMMENTS = YES;
				CLANG_WARN_EMPTY_BODY = YES;
				CLANG_WARN_ENUM_CONVERSION = YES;
				CLANG_WARN_INFINITE_RECURSION = YES;
				CLANG_WARN_INT_CONVERSION = YES;
				CLANG_WARN_NON_LITERAL_NULL_CONVERSION = YES;
				CLANG_WARN_OBJC_IMPLICIT_RETAIN_SELF = YES;
				CLANG_WARN_OBJC_LITERAL_CONVERSION = YES;
				CLANG_WARN_OBJC_ROOT_CLASS = YES_ERROR;
				CLANG_WARN_QUOTED_INCLUDE_IN_FRAMEWORK_HEADER = YES;
				CLANG_WARN_RANGE_LOOP_ANALYSIS = YES;
				CLANG_WARN_STRICT_PROTOTYPES = YES;
				CLANG_WARN_SUSPICIOUS_MOVE = YES;
				CLANG_WARN_UNGUARDED_AVAILABILITY = YES_AGGRESSIVE;
				CLANG_WARN_UNREACHABLE_CODE = YES;
				CLANG_WARN__DUPLICATE_METHOD_MATCH = YES;
				COPY_PHASE_STRIP = NO;
				DEBUG_INFORMATION_FORMAT = dwarf;
				ENABLE_STRICT_OBJC_MSGSEND = YES;
				ENABLE_TESTABILITY = YES;
				ENABLE_USER_SCRIPT_SANDBOXING = YES;
				GCC_C_LANGUAGE_STANDARD = gnu17;
				GCC_DYNAMIC_NO_PIC = NO;
				GCC_NO_COMMON_BLOCKS = YES;
				GCC_OPTIMIZATION_LEVEL = 0;
				GCC_PREPROCESSOR_DEFINITIONS = (
					"DEBUG=1",
					"$(inherited)",
				);
				GCC_WARN_64_TO_32_BIT_CONVERSION = YES;
				GCC_WARN_ABOUT_RETURN_TYPE = YES_ERROR;
				GCC_WARN_UNDECLARED_SELECTOR = YES;
				GCC_WARN_UNINITIALIZED_AUTOS = YES_AGGRESSIVE;
				GCC_WARN_UNUSED_FUNCTION = YES;
				GCC_WARN_UNUSED_VARIABLE = YES;
				IPHONEOS_DEPLOYMENT_TARGET = 17.0;
				LOCALIZATION_PREFERS_STRING_CATALOGS = YES;
				MTL_ENABLE_DEBUG_INFO = INCLUDE_SOURCE;
				MTL_FAST_MATH = YES;
				ONLY_ACTIVE_ARCH = YES;
				SDKROOT = iphoneos;
				SWIFT_ACTIVE_COMPILATION_CONDITIONS = "DEBUG $(inherited)";
				SWIFT_OPTIMIZATION_LEVEL = "-Onone";
			};
			name = Debug;
		};
		251704A32C10723A00FC39D7 /* Release */ = {
			isa = XCBuildConfiguration;
			buildSettings = {
				ALWAYS_SEARCH_USER_PATHS = NO;
				ASSETCATALOG_COMPILER_GENERATE_SWIFT_ASSET_SYMBOL_EXTENSIONS = YES;
				CLANG_ANALYZER_NONNULL = YES;
				CLANG_ANALYZER_NUMBER_OBJECT_CONVERSION = YES_AGGRESSIVE;
				CLANG_CXX_LANGUAGE_STANDARD = "gnu++20";
				CLANG_ENABLE_MODULES = YES;
				CLANG_ENABLE_OBJC_ARC = YES;
				CLANG_ENABLE_OBJC_WEAK = YES;
				CLANG_WARN_BLOCK_CAPTURE_AUTORELEASING = YES;
				CLANG_WARN_BOOL_CONVERSION = YES;
				CLANG_WARN_COMMA = YES;
				CLANG_WARN_CONSTANT_CONVERSION = YES;
				CLANG_WARN_DEPRECATED_OBJC_IMPLEMENTATIONS = YES;
				CLANG_WARN_DIRECT_OBJC_ISA_USAGE = YES_ERROR;
				CLANG_WARN_DOCUMENTATION_COMMENTS = YES;
				CLANG_WARN_EMPTY_BODY = YES;
				CLANG_WARN_ENUM_CONVERSION = YES;
				CLANG_WARN_INFINITE_RECURSION = YES;
				CLANG_WARN_INT_CONVERSION = YES;
				CLANG_WARN_NON_LITERAL_NULL_CONVERSION = YES;
				CLANG_WARN_OBJC_IMPLICIT_RETAIN_SELF = YES;
				CLANG_WARN_OBJC_LITERAL_CONVERSION = YES;
				CLANG_WARN_OBJC_ROOT_CLASS = YES_ERROR;
				CLANG_WARN_QUOTED_INCLUDE_IN_FRAMEWORK_HEADER = YES;
				CLANG_WARN_RANGE_LOOP_ANALYSIS = YES;
				CLANG_WARN_STRICT_PROTOTYPES = YES;
				CLANG_WARN_SUSPICIOUS_MOVE = YES;
				CLANG_WARN_UNGUARDED_AVAILABILITY = YES_AGGRESSIVE;
				CLANG_WARN_UNREACHABLE_CODE = YES;
				CLANG_WARN__DUPLICATE_METHOD_MATCH = YES;
				COPY_PHASE_STRIP = NO;
				DEBUG_INFORMATION_FORMAT = "dwarf-with-dsym";
				ENABLE_NS_ASSERTIONS = NO;
				ENABLE_STRICT_OBJC_MSGSEND = YES;
				ENABLE_USER_SCRIPT_SANDBOXING = YES;
				GCC_C_LANGUAGE_STANDARD = gnu17;
				GCC_NO_COMMON_BLOCKS = YES;
				GCC_WARN_64_TO_32_BIT_CONVERSION = YES;
				GCC_WARN_ABOUT_RETURN_TYPE = YES_ERROR;
				GCC_WARN_UNDECLARED_SELECTOR = YES;
				GCC_WARN_UNINITIALIZED_AUTOS = YES_AGGRESSIVE;
				GCC_WARN_UNUSED_FUNCTION = YES;
				GCC_WARN_UNUSED_VARIABLE = YES;
				IPHONEOS_DEPLOYMENT_TARGET = 17.0;
				LOCALIZATION_PREFERS_STRING_CATALOGS = YES;
				MTL_ENABLE_DEBUG_INFO = NO;
				MTL_FAST_MATH = YES;
				SDKROOT = iphoneos;
				SWIFT_COMPILATION_MODE = wholemodule;
				VALIDATE_PRODUCT = YES;
			};
			name = Release;
		};
		251704A52C10723A00FC39D7 /* Debug */ = {
			isa = XCBuildConfiguration;
			buildSettings = {
				ASSETCATALOG_COMPILER_APPICON_NAME = AppIcon;
				ASSETCATALOG_COMPILER_GLOBAL_ACCENT_COLOR_NAME = AccentColor;
				CODE_SIGN_STYLE = Automatic;
				CURRENT_PROJECT_VERSION = 1;
				DEVELOPMENT_TEAM = V23C68N65J;
				GENERATE_INFOPLIST_FILE = YES;
				INFOPLIST_FILE = ExtractTextFromImageInSwft/Info.plist;
				INFOPLIST_KEY_UIApplicationSupportsIndirectInputEvents = YES;
				INFOPLIST_KEY_UILaunchStoryboardName = LaunchScreen;
				INFOPLIST_KEY_UIMainStoryboardFile = Main;
				INFOPLIST_KEY_UISupportedInterfaceOrientations_iPad = "UIInterfaceOrientationPortrait UIInterfaceOrientationPortraitUpsideDown UIInterfaceOrientationLandscapeLeft UIInterfaceOrientationLandscapeRight";
				INFOPLIST_KEY_UISupportedInterfaceOrientations_iPhone = "UIInterfaceOrientationPortrait UIInterfaceOrientationLandscapeLeft UIInterfaceOrientationLandscapeRight";
				LD_RUNPATH_SEARCH_PATHS = (
					"$(inherited)",
					"@executable_path/Frameworks",
				);
				MARKETING_VERSION = 1.0;
				PRODUCT_BUNDLE_IDENTIFIER = com.grozziie.ExtractTextFromImageInSwft;
				PRODUCT_NAME = "$(TARGET_NAME)";
				SWIFT_EMIT_LOC_STRINGS = YES;
				SWIFT_VERSION = 5.0;
				TARGETED_DEVICE_FAMILY = "1,2";
			};
			name = Debug;
		};
		251704A62C10723A00FC39D7 /* Release */ = {
			isa = XCBuildConfiguration;
			buildSettings = {
				ASSETCATALOG_COMPILER_APPICON_NAME = AppIcon;
				ASSETCATALOG_COMPILER_GLOBAL_ACCENT_COLOR_NAME = AccentColor;
				CODE_SIGN_STYLE = Automatic;
				CURRENT_PROJECT_VERSION = 1;
				DEVELOPMENT_TEAM = V23C68N65J;
				GENERATE_INFOPLIST_FILE = YES;
				INFOPLIST_FILE = ExtractTextFromImageInSwft/Info.plist;
				INFOPLIST_KEY_UIApplicationSupportsIndirectInputEvents = YES;
				INFOPLIST_KEY_UILaunchStoryboardName = LaunchScreen;
				INFOPLIST_KEY_UIMainStoryboardFile = Main;
				INFOPLIST_KEY_UISupportedInterfaceOrientations_iPad = "UIInterfaceOrientationPortrait UIInterfaceOrientationPortraitUpsideDown UIInterfaceOrientationLandscapeLeft UIInterfaceOrientationLandscapeRight";
				INFOPLIST_KEY_UISupportedInterfaceOrientations_iPhone = "UIInterfaceOrientationPortrait UIInterfaceOrientationLandscapeLeft UIInterfaceOrientationLandscapeRight";
				LD_RUNPATH_SEARCH_PATHS = (
					"$(inherited)",
					"@executable_path/Frameworks",
				);
				MARKETING_VERSION = 1.0;
				PRODUCT_BUNDLE_IDENTIFIER = com.grozziie.ExtractTextFromImageInSwft;
				PRODUCT_NAME = "$(TARGET_NAME)";
				SWIFT_EMIT_LOC_STRINGS = YES;
				SWIFT_VERSION = 5.0;
				TARGETED_DEVICE_FAMILY = "1,2";
			};
			name = Release;
		};
		251704A82C10723A00FC39D7 /* Debug */ = {
			isa = XCBuildConfiguration;
			buildSettings = {
				ALWAYS_EMBED_SWIFT_STANDARD_LIBRARIES = YES;
				BUNDLE_LOADER = "$(TEST_HOST)";
				CODE_SIGN_STYLE = Automatic;
				CURRENT_PROJECT_VERSION = 1;
				DEVELOPMENT_TEAM = V23C68N65J;
				GENERATE_INFOPLIST_FILE = YES;
				IPHONEOS_DEPLOYMENT_TARGET = 17.0;
				MARKETING_VERSION = 1.0;
				PRODUCT_BUNDLE_IDENTIFIER = com.grozziie.ExtractTextFromImageInSwftTests;
				PRODUCT_NAME = "$(TARGET_NAME)";
				SWIFT_EMIT_LOC_STRINGS = NO;
				SWIFT_VERSION = 5.0;
				TARGETED_DEVICE_FAMILY = "1,2";
				TEST_HOST = "$(BUILT_PRODUCTS_DIR)/ExtractTextFromImageInSwft.app/$(BUNDLE_EXECUTABLE_FOLDER_PATH)/ExtractTextFromImageInSwft";
			};
			name = Debug;
		};
		251704A92C10723A00FC39D7 /* Release */ = {
			isa = XCBuildConfiguration;
			buildSettings = {
				ALWAYS_EMBED_SWIFT_STANDARD_LIBRARIES = YES;
				BUNDLE_LOADER = "$(TEST_HOST)";
				CODE_SIGN_STYLE = Automatic;
				CURRENT_PROJECT_VERSION = 1;
				DEVELOPMENT_TEAM = V23C68N65J;
				GENERATE_INFOPLIST_FILE = YES;
				IPHONEOS_DEPLOYMENT_TARGET = 17.0;
				MARKETING_VERSION = 1.0;
				PRODUCT_BUNDLE_IDENTIFIER = com.grozziie.ExtractTextFromImageInSwftTests;
				PRODUCT_NAME = "$(TARGET_NAME)";
				SWIFT_EMIT_LOC_STRINGS = NO;
				SWIFT_VERSION = 5.0;
				TARGETED_DEVICE_FAMILY = "1,2";
				TEST_HOST = "$(BUILT_PRODUCTS_DIR)/ExtractTextFromImageInSwft.app/$(BUNDLE_EXECUTABLE_FOLDER_PATH)/ExtractTextFromImageInSwft";
			};
			name = Release;
		};
		251704AB2C10723A00FC39D7 /* Debug */ = {
			isa = XCBuildConfiguration;
			buildSettings = {
				ALWAYS_EMBED_SWIFT_STANDARD_LIBRARIES = YES;
				CODE_SIGN_STYLE = Automatic;
				CURRENT_PROJECT_VERSION = 1;
				DEVELOPMENT_TEAM = V23C68N65J;
				GENERATE_INFOPLIST_FILE = YES;
				MARKETING_VERSION = 1.0;
				PRODUCT_BUNDLE_IDENTIFIER = com.grozziie.ExtractTextFromImageInSwftUITests;
				PRODUCT_NAME = "$(TARGET_NAME)";
				SWIFT_EMIT_LOC_STRINGS = NO;
				SWIFT_VERSION = 5.0;
				TARGETED_DEVICE_FAMILY = "1,2";
				TEST_TARGET_NAME = ExtractTextFromImageInSwft;
			};
			name = Debug;
		};
		251704AC2C10723A00FC39D7 /* Release */ = {
			isa = XCBuildConfiguration;
			buildSettings = {
				ALWAYS_EMBED_SWIFT_STANDARD_LIBRARIES = YES;
				CODE_SIGN_STYLE = Automatic;
				CURRENT_PROJECT_VERSION = 1;
				DEVELOPMENT_TEAM = V23C68N65J;
				GENERATE_INFOPLIST_FILE = YES;
				MARKETING_VERSION = 1.0;
				PRODUCT_BUNDLE_IDENTIFIER = com.grozziie.ExtractTextFromImageInSwftUITests;
				PRODUCT_NAME = "$(TARGET_NAME)";
				SWIFT_EMIT_LOC_STRINGS = NO;
				SWIFT_VERSION = 5.0;
				TARGETED_DEVICE_FAMILY = "1,2";
				TEST_TARGET_NAME = ExtractTextFromImageInSwft;
			};
			name = Release;
		};
/* End XCBuildConfiguration section */

/* Begin XCConfigurationList section */
		251704722C10723900FC39D7 /* Build configuration list for PBXProject "ExtractTextFromImageInSwft" */ = {
			isa = XCConfigurationList;
			buildConfigurations = (
				251704A22C10723A00FC39D7 /* Debug */,
				251704A32C10723A00FC39D7 /* Release */,
			);
			defaultConfigurationIsVisible = 0;
			defaultConfigurationName = Release;
		};
		251704A42C10723A00FC39D7 /* Build configuration list for PBXNativeTarget "ExtractTextFromImageInSwft" */ = {
			isa = XCConfigurationList;
			buildConfigurations = (
				251704A52C10723A00FC39D7 /* Debug */,
				251704A62C10723A00FC39D7 /* Release */,
			);
			defaultConfigurationIsVisible = 0;
			defaultConfigurationName = Release;
		};
		251704A72C10723A00FC39D7 /* Build configuration list for PBXNativeTarget "ExtractTextFromImageInSwftTests" */ = {
			isa = XCConfigurationList;
			buildConfigurations = (
				251704A82C10723A00FC39D7 /* Debug */,
				251704A92C10723A00FC39D7 /* Release */,
			);
			defaultConfigurationIsVisible = 0;
			defaultConfigurationName = Release;
		};
		251704AA2C10723A00FC39D7 /* Build configuration list for PBXNativeTarget "ExtractTextFromImageInSwftUITests" */ = {
			isa = XCConfigurationList;
			buildConfigurations = (
				251704AB2C10723A00FC39D7 /* Debug */,
				251704AC2C10723A00FC39D7 /* Release */,
			);
			defaultConfigurationIsVisible = 0;
			defaultConfigurationName = Release;
		};
/* End XCConfigurationList section */

/* Begin XCVersionGroup section */
		251704832C10723900FC39D7 /* ExtractTextFromImageInSwft.xcdatamodeld */ = {
			isa = XCVersionGroup;
			children = (
				251704842C10723900FC39D7 /* ExtractTextFromImageInSwft.xcdatamodel */,
			);
			currentVersion = 251704842C10723900FC39D7 /* ExtractTextFromImageInSwft.xcdatamodel */;
			path = ExtractTextFromImageInSwft.xcdatamodeld;
			sourceTree = "<group>";
			versionGroupType = wrapper.xcdatamodel;
		};
/* End XCVersionGroup section */
	};
	rootObject = 2517046F2C10723900FC39D7 /* Project object */;
}
